
Microsoft Visual Studio Solution File, Format Version 12.00
# Visual Studio Version 16
VisualStudioVersion = 16.0.31829.152
MinimumVisualStudioVersion = 10.0.40219.1
Project("{FAE04EC0-301F-11D3-BF4B-00C04F79EFBC}") = "Lab6-1", "Lab6\Lab6-1.csproj", "{4A5C96C3-0A21-4445-8DB3-68E97A898F92}"
EndProject
Project("{FAE04EC0-301F-11D3-BF4B-00C04F79EFBC}") = "Lab6-2", "Lab6-2\Lab6-2.csproj", "{F5CA02CB-4D4B-4ED4-8822-A0C314D8F0E3}"
EndProject
Global
	GlobalSection(SolutionConfigurationPlatforms) = preSolution
		Debug|Any CPU = Debug|Any CPU
		Release|Any CPU = Release|Any CPU
	EndGlobalSection
	GlobalSection(ProjectConfigurationPlatforms) = postSolution
		{4A5C96C3-0A21-4445-8DB3-68E97A898F92}.Debug|Any CPU.ActiveCfg = Debug|Any CPU
		{4A5C96C3-0A21-4445-8DB3-68E97A898F92}.Debug|Any CPU.Build.0 = Debug|Any CPU
		{4A5C96C3-0A21-4445-8DB3-68E97A898F92}.Release|Any CPU.ActiveCfg = Release|Any CPU
		{4A5C96C3-0A21-4445-8DB3-68E97A898F92}.Release|Any CPU.Build.0 = Release|Any CPU
		{F5CA02CB-4D4B-4ED4-8822-A0C314D8F0E3}.Debug|Any CPU.ActiveCfg = Debug|Any CPU
		{F5CA02CB-4D4B-4ED4-8822-A0C314D8F0E3}.Debug|Any CPU.Build.0 = Debug|Any CPU
		{F5CA02CB-4D4B-4ED4-8822-A0C314D8F0E3}.Release|Any CPU.ActiveCfg = Release|Any CPU
		{F5CA02CB-4D4B-4ED4-8822-A0C314D8F0E3}.Release|Any CPU.Build.0 = Release|Any CPU
	EndGlobalSection
	GlobalSection(SolutionProperties) = preSolution
		HideSolutionNode = FALSE
	EndGlobalSection
	GlobalSection(ExtensibilityGlobals) = postSolution
		SolutionGuid = {F7602B6E-1BCF-43E4-AC2C-7AA3C4CA66EE}
	EndGlobalSection
EndGlobal
